
Microsoft Visual Studio Solution File, Format Version 12.00
# Visual Studio Version 17
VisualStudioVersion = 17.10.34928.147
MinimumVisualStudioVersion = 10.0.40219.1
Project("{2150E333-8FDC-42A3-9474-1A3956D46DE8}") = "Core", "Core", "{C56D582E-73CD-4223-8103-8A1BCBD0A416}"
EndProject
Project("{2150E333-8FDC-42A3-9474-1A3956D46DE8}") = "Infrastructure", "Infrastructure", "{580FF9B2-04CD-40A4-9667-E4A5A504A376}"
EndProject
Project("{2150E333-8FDC-42A3-9474-1A3956D46DE8}") = "Presentation", "Presentation", "{4A15A9C0-336F-4908-AAF6-B0F53281D15A}"
EndProject
Project("{FAE04EC0-301F-11D3-BF4B-00C04F79EFBC}") = "API.Application", "API.Application,\API.Application.csproj", "{1731E834-A4E1-4282-B56C-2F3423D61553}"
EndProject
Project("{FAE04EC0-301F-11D3-BF4B-00C04F79EFBC}") = "API.Domain", "API.Domain\API.Domain.csproj", "{ACC8A75C-C038-414A-937D-A339CC5A6199}"
EndProject
Project("{FAE04EC0-301F-11D3-BF4B-00C04F79EFBC}") = "API.Infrastructure", "API.Infrastructure\API.Infrastructure.csproj", "{9C07DC24-DDD4-45B7-9BDB-71F4D078ABB2}"
EndProject
Project("{FAE04EC0-301F-11D3-BF4B-00C04F79EFBC}") = "API.Persistence", "API.Persistence\API.Persistence.csproj", "{6F0EFE55-C281-49FA-A786-1B7D2317B750}"
EndProject
Project("{FAE04EC0-301F-11D3-BF4B-00C04F79EFBC}") = "API.API", "API.API\API.API.csproj", "{29A9C7FB-EC66-40E2-98B1-027911C852A3}"
EndProject
Global
	GlobalSection(SolutionConfigurationPlatforms) = preSolution
		Debug|Any CPU = Debug|Any CPU
		Release|Any CPU = Release|Any CPU
	EndGlobalSection
	GlobalSection(ProjectConfigurationPlatforms) = postSolution
		{1731E834-A4E1-4282-B56C-2F3423D61553}.Debug|Any CPU.ActiveCfg = Debug|Any CPU
		{1731E834-A4E1-4282-B56C-2F3423D61553}.Debug|Any CPU.Build.0 = Debug|Any CPU
		{1731E834-A4E1-4282-B56C-2F3423D61553}.Release|Any CPU.ActiveCfg = Release|Any CPU
		{1731E834-A4E1-4282-B56C-2F3423D61553}.Release|Any CPU.Build.0 = Release|Any CPU
		{ACC8A75C-C038-414A-937D-A339CC5A6199}.Debug|Any CPU.ActiveCfg = Debug|Any CPU
		{ACC8A75C-C038-414A-937D-A339CC5A6199}.Debug|Any CPU.Build.0 = Debug|Any CPU
		{ACC8A75C-C038-414A-937D-A339CC5A6199}.Release|Any CPU.ActiveCfg = Release|Any CPU
		{ACC8A75C-C038-414A-937D-A339CC5A6199}.Release|Any CPU.Build.0 = Release|Any CPU
		{9C07DC24-DDD4-45B7-9BDB-71F4D078ABB2}.Debug|Any CPU.ActiveCfg = Debug|Any CPU
		{9C07DC24-DDD4-45B7-9BDB-71F4D078ABB2}.Debug|Any CPU.Build.0 = Debug|Any CPU
		{9C07DC24-DDD4-45B7-9BDB-71F4D078ABB2}.Release|Any CPU.ActiveCfg = Release|Any CPU
		{9C07DC24-DDD4-45B7-9BDB-71F4D078ABB2}.Release|Any CPU.Build.0 = Release|Any CPU
		{6F0EFE55-C281-49FA-A786-1B7D2317B750}.Debug|Any CPU.ActiveCfg = Debug|Any CPU
		{6F0EFE55-C281-49FA-A786-1B7D2317B750}.Debug|Any CPU.Build.0 = Debug|Any CPU
		{6F0EFE55-C281-49FA-A786-1B7D2317B750}.Release|Any CPU.ActiveCfg = Release|Any CPU
		{6F0EFE55-C281-49FA-A786-1B7D2317B750}.Release|Any CPU.Build.0 = Release|Any CPU
		{29A9C7FB-EC66-40E2-98B1-027911C852A3}.Debug|Any CPU.ActiveCfg = Debug|Any CPU
		{29A9C7FB-EC66-40E2-98B1-027911C852A3}.Debug|Any CPU.Build.0 = Debug|Any CPU
		{29A9C7FB-EC66-40E2-98B1-027911C852A3}.Release|Any CPU.ActiveCfg = Release|Any CPU
		{29A9C7FB-EC66-40E2-98B1-027911C852A3}.Release|Any CPU.Build.0 = Release|Any CPU
	EndGlobalSection
	GlobalSection(SolutionProperties) = preSolution
		HideSolutionNode = FALSE
	EndGlobalSection
	GlobalSection(NestedProjects) = preSolution
		{1731E834-A4E1-4282-B56C-2F3423D61553} = {C56D582E-73CD-4223-8103-8A1BCBD0A416}
		{ACC8A75C-C038-414A-937D-A339CC5A6199} = {C56D582E-73CD-4223-8103-8A1BCBD0A416}
		{9C07DC24-DDD4-45B7-9BDB-71F4D078ABB2} = {580FF9B2-04CD-40A4-9667-E4A5A504A376}
		{6F0EFE55-C281-49FA-A786-1B7D2317B750} = {580FF9B2-04CD-40A4-9667-E4A5A504A376}
		{29A9C7FB-EC66-40E2-98B1-027911C852A3} = {4A15A9C0-336F-4908-AAF6-B0F53281D15A}
	EndGlobalSection
	GlobalSection(ExtensibilityGlobals) = postSolution
		SolutionGuid = {822AB8CB-533C-4259-B00C-E35D1353B08E}
	EndGlobalSection
EndGlobal
